// !$*UTF8*$!
{
	archiveVersion = 1;
	classes = {
	};
	objectVersion = 46;
	objects = {

/* Begin PBXBuildFile section */
		0207DA581B56EA530066E2B4 /* Images.xcassets in Resources */ = {isa = PBXBuildFile; fileRef = 0207DA571B56EA530066E2B4 /* Images.xcassets */; };
		0E7BFC49B19B4A2D8EE2EC9B /* MAURSQLiteConfigurationDAO.m in Sources */ = {isa = PBXBuildFile; fileRef = ED64202B963042429FC26FDE /* MAURSQLiteConfigurationDAO.m */; };
		1389AAF0A9D540D6894AC5E1 /* AVFoundation.framework in Frameworks */ = {isa = PBXBuildFile; fileRef = DCDD82055BA244A1846480A8 /* AVFoundation.framework */; settings = {ATTRIBUTES = (Weak, ); }; };
		144E414EAFA14A5F8FD8F283 /* MAURLocationContract.m in Sources */ = {isa = PBXBuildFile; fileRef = E10472E6AE0A46F7B6A9AB86 /* MAURLocationContract.m */; };
		165EB79D5BD748FC97BB58E1 /* MAURLocation.m in Sources */ = {isa = PBXBuildFile; fileRef = 16674283416E432F829BB11A /* MAURLocation.m */; };
		1D3623260D0F684500981E51 /* AppDelegate.m in Sources */ = {isa = PBXBuildFile; fileRef = 1D3623250D0F684500981E51 /* AppDelegate.m */; };
		1D60589B0D05DD56006BFB54 /* main.m in Sources */ = {isa = PBXBuildFile; fileRef = 29B97316FDCFA39411CA2CEA /* main.m */; };
		215AA318E3CE4D34BD695D5E /* MAURBackgroundTaskManager.m in Sources */ = {isa = PBXBuildFile; fileRef = 2ABA9A1EA40148F2A9C7EE2D /* MAURBackgroundTaskManager.m */; };
		21925CAB81C74544AA8AD0CB /* INTULocationManager.m in Sources */ = {isa = PBXBuildFile; fileRef = 47B1F446D47A4592ACFD83AF /* INTULocationManager.m */; };
		2B58551DDE934EE7873F4085 /* MAURConfigurationContract.m in Sources */ = {isa = PBXBuildFile; fileRef = DEE09D0D19F3430192339426 /* MAURConfigurationContract.m */; };
		2F24D389D39741129DA420D6 /* ZIMSqlExpression.m in Sources */ = {isa = PBXBuildFile; fileRef = 839633F3981E4B4B8FF7CE0F /* ZIMSqlExpression.m */; };
		301BF552109A68D80062928A /* libCordova.a in Frameworks */ = {isa = PBXBuildFile; fileRef = 301BF535109A57CC0062928A /* libCordova.a */; settings = {ATTRIBUTES = (Required, ); }; };
		302D95F114D2391D003F00A1 /* MainViewController.m in Sources */ = {isa = PBXBuildFile; fileRef = 302D95EF14D2391D003F00A1 /* MainViewController.m */; };
		302D95F214D2391D003F00A1 /* MainViewController.xib in Resources */ = {isa = PBXBuildFile; fileRef = 302D95F014D2391D003F00A1 /* MainViewController.xib */; };
		3510E00F445E490EB6B4C8FE /* SOLocationManager.m in Sources */ = {isa = PBXBuildFile; fileRef = B6841512BA524A6C84062046 /* SOLocationManager.m */; };
		399180285F9D4EC5A730366D /* SystemConfiguration.framework in Frameworks */ = {isa = PBXBuildFile; fileRef = 2E8A285BB0C744539952BD71 /* SystemConfiguration.framework */; };
		3E5B8194FBEE460EBFA1946B /* MAURBackgroundGeolocationFacade.m in Sources */ = {isa = PBXBuildFile; fileRef = 51BB4B0D917F4635B10EA014 /* MAURBackgroundGeolocationFacade.m */; };
		4193534A37F64D65A7DC3ACE /* MAURLogReader.m in Sources */ = {isa = PBXBuildFile; fileRef = 8CB7D6F0502A46A2994B705F /* MAURLogReader.m */; };
		424A193337564730993E16D9 /* MAURGeolocationOpenHelper.m in Sources */ = {isa = PBXBuildFile; fileRef = 8CBC45350A2A4896A0FC3417 /* MAURGeolocationOpenHelper.m */; };
		44F52441DFFB41458A125EDC /* MAURRawLocationProvider.m in Sources */ = {isa = PBXBuildFile; fileRef = DA6CF8A2815C4396A4EA758F /* MAURRawLocationProvider.m */; };
		46CD0CA4BF05447EBAC6BA1F /* CoreLocation.framework in Frameworks */ = {isa = PBXBuildFile; fileRef = 73DBD3639C94443E919F6917 /* CoreLocation.framework */; };
		4D7F5DF5FBD0494896B15419 /* MAURActivityLocationProvider.m in Sources */ = {isa = PBXBuildFile; fileRef = 0F30FFA5A05E41FAB547F809 /* MAURActivityLocationProvider.m */; };
		506FB877D3CE418495EF7E15 /* MAURAbstractLocationProvider.m in Sources */ = {isa = PBXBuildFile; fileRef = 9F649BB6DB184A1E95ECC66D /* MAURAbstractLocationProvider.m */; };
		5D4079D82AC64AF580A127A8 /* FMDBLogger.m in Sources */ = {isa = PBXBuildFile; fileRef = D94E4D05CBE4475A96DE9B83 /* FMDBLogger.m */; };
		5E4716862EDE4E8DB0CE8545 /* MAURSQLiteHelper.m in Sources */ = {isa = PBXBuildFile; fileRef = 94E36A52CC5B4A669FD52EB8 /* MAURSQLiteHelper.m */; };
		6AFF5BF91D6E424B00AB3073 /* CDVLaunchScreen.storyboard in Resources */ = {isa = PBXBuildFile; fileRef = 6AFF5BF81D6E424B00AB3073 /* CDVLaunchScreen.storyboard */; };
		6D83E4CA51B94627B8C9B9B0 /* CDVLocation.m in Sources */ = {isa = PBXBuildFile; fileRef = 970799EFEAB640B6A8C78A9C /* CDVLocation.m */; };
		6E0E2F37C7D84F70A5B212B8 /* MAURDistanceFilterLocationProvider.m in Sources */ = {isa = PBXBuildFile; fileRef = 2FE52D8E56D14D78B7C75636 /* MAURDistanceFilterLocationProvider.m */; };
		6E981D67332C489AB53B5B76 /* INTUHeadingRequest.m in Sources */ = {isa = PBXBuildFile; fileRef = 8C47D8145DF945C1894FAECE /* INTUHeadingRequest.m */; };
		6F49813737FD4FFA8F4E21EE /* CocoaLumberjack.m in Sources */ = {isa = PBXBuildFile; fileRef = C922D70C2BFB46B98A5D447F /* CocoaLumberjack.m */; };
		706ADBA353214DBBBCBAA0AA /* MAURPostLocationTask.m in Sources */ = {isa = PBXBuildFile; fileRef = 3CD7E56CB5BB4CA386DD2DC7 /* MAURPostLocationTask.m */; };
		787E2C0A245447F1AC2768C4 /* libsqlite3.dylib in Frameworks */ = {isa = PBXBuildFile; fileRef = 4E8C9877068445C198BC5A21 /* libsqlite3.dylib */; settings = {ATTRIBUTES = (Weak, ); }; };
		7A4FE895D40C4FF9B377B5F7 /* SOStepDetector.m in Sources */ = {isa = PBXBuildFile; fileRef = 1A5BCEF91F604F969F06D112 /* SOStepDetector.m */; };
		7C6855953B364EB59CA5CD0D /* MAURBackgroundSync.m in Sources */ = {isa = PBXBuildFile; fileRef = 0EF3FDCAE2E34A1D8567CD9F /* MAURBackgroundSync.m */; };
		8E784F99F3914E6D8C8218F5 /* MAURConfig.m in Sources */ = {isa = PBXBuildFile; fileRef = FBBD3BD01A6548A7B13CE4F6 /* MAURConfig.m */; };
		9D45E00D4F6F4C5E83735D2F /* SOMotionDetector.m in Sources */ = {isa = PBXBuildFile; fileRef = 627A55406156461BA812A8BF /* SOMotionDetector.m */; };
		A52B0C69348142D3AB3AE6CE /* MAURSQLiteLocationDAO.m in Sources */ = {isa = PBXBuildFile; fileRef = 1D1F5508F6F64398BA3D3492 /* MAURSQLiteLocationDAO.m */; };
		AF15B83A67AD40B38B61CC20 /* MAURLocationManager.m in Sources */ = {isa = PBXBuildFile; fileRef = 22D78ECCDFF94707BC9AED2E /* MAURLocationManager.m */; };
		B2820C86C66242ACB9756FE8 /* FMDB.m in Sources */ = {isa = PBXBuildFile; fileRef = 630BCDB1E14C4D748CFDB4A0 /* FMDB.m */; };
		B7E9D0A1C9204D7D88E2F595 /* AudioToolbox.framework in Frameworks */ = {isa = PBXBuildFile; fileRef = EBD31A8049A94EAD948C4994 /* AudioToolbox.framework */; settings = {ATTRIBUTES = (Weak, ); }; };
		B846609955754EC1A6A223B0 /* INTULocationRequest.m in Sources */ = {isa = PBXBuildFile; fileRef = 0CF3C7DE1F17470EB02C8786 /* INTULocationRequest.m */; };
		B9028285F4A042FDADC08FF9 /* ZIMSqlSelectStatement.m in Sources */ = {isa = PBXBuildFile; fileRef = 27EF79AA22DF4B2A98A87ED1 /* ZIMSqlSelectStatement.m */; };
		C0FD0BAA11244DA3A80B55C3 /* MAURUncaughtExceptionLogger.m in Sources */ = {isa = PBXBuildFile; fileRef = ACEFFEE930254B2081B7C16D /* MAURUncaughtExceptionLogger.m */; };
		CD2EAC47215E4F398BF96D8B /* Reachability.m in Sources */ = {isa = PBXBuildFile; fileRef = 83906F7ABB6845F28399AED4 /* Reachability.m */; };
		D42ABD0D29704FC9B89ED51D /* MAURSQLiteOpenHelper.m in Sources */ = {isa = PBXBuildFile; fileRef = 702941566EC94F8ABA8D9017 /* MAURSQLiteOpenHelper.m */; };
		DBD0292DB756487C927B7FCC /* NSString+ZIMString.m in Sources */ = {isa = PBXBuildFile; fileRef = 9C8FE213CB8B4EA089D998B9 /* NSString+ZIMString.m */; };
		DD14C6C3ABAF44EC89985A1F /* INTURequestIDGenerator.m in Sources */ = {isa = PBXBuildFile; fileRef = 4E5DB55A5728405580605B2B /* INTURequestIDGenerator.m */; };
		E188DCD7FF194F9C99970B6E /* SOMotionActivity.m in Sources */ = {isa = PBXBuildFile; fileRef = 1B766D5F8B9E424FB1D31F4D /* SOMotionActivity.m */; };
		E4962F5741174BE8A3B8822F /* MAURActivity.m in Sources */ = {isa = PBXBuildFile; fileRef = BA73DB177CC04E96844F1638 /* MAURActivity.m */; };
		F4132009EA634536AA9653E3 /* CDVBackgroundGeolocation.m in Sources */ = {isa = PBXBuildFile; fileRef = 1F959B7DA31A4D7486539D0A /* CDVBackgroundGeolocation.m */; };
		FB2C77078CAD48538FCE015D /* CDVDevice.m in Sources */ = {isa = PBXBuildFile; fileRef = A387CDF540104099B5C2FE14 /* CDVDevice.m */; };
		7B077A20C5664471A8E7ADAE /* CDVStatusBar.m in Sources */ = {isa = PBXBuildFile; fileRef = 5341758BB6404E6787544363 /* CDVStatusBar.m */; };
/* End PBXBuildFile section */

/* Begin PBXContainerItemProxy section */
		301BF534109A57CC0062928A /* PBXContainerItemProxy */ = {
			isa = PBXContainerItemProxy;
			containerPortal = 301BF52D109A57CC0062928A /* CordovaLib.xcodeproj */;
			proxyType = 2;
			remoteGlobalIDString = D2AAC07E0554694100DB518D;
			remoteInfo = CordovaLib;
		};
		301BF550109A68C00062928A /* PBXContainerItemProxy */ = {
			isa = PBXContainerItemProxy;
			containerPortal = 301BF52D109A57CC0062928A /* CordovaLib.xcodeproj */;
			proxyType = 1;
			remoteGlobalIDString = D2AAC07D0554694100DB518D;
			remoteInfo = CordovaLib;
		};
		907D8123214C687600058A10 /* PBXContainerItemProxy */ = {
			isa = PBXContainerItemProxy;
			containerPortal = 301BF52D109A57CC0062928A /* CordovaLib.xcodeproj */;
			proxyType = 2;
			remoteGlobalIDString = C0C01EB21E3911D50056E6CB;
			remoteInfo = Cordova;
		};
/* End PBXContainerItemProxy section */

/* Begin PBXFileReference section */
		0207DA571B56EA530066E2B4 /* Images.xcassets */ = {isa = PBXFileReference; lastKnownFileType = folder.assetcatalog; name = Images.xcassets; path = "Taxi Mura/Images.xcassets"; sourceTree = SOURCE_ROOT; };
		02A8E5CCF2614B6AA5688E9D /* INTULocationManager+Internal.h */ = {isa = PBXFileReference; explicitFileType = undefined; fileEncoding = 4; includeInIndex = 0; lastKnownFileType = sourcecode.c.h; name = "INTULocationManager+Internal.h"; path = "cordova-plugin-background-geolocation/INTULocationManager+Internal.h"; sourceTree = "<group>"; };
		04F0CB9D43B747B68137BDE9 /* NSString+ZIMString.h */ = {isa = PBXFileReference; explicitFileType = undefined; fileEncoding = 4; includeInIndex = 0; lastKnownFileType = sourcecode.c.h; name = "NSString+ZIMString.h"; path = "cordova-plugin-background-geolocation/NSString+ZIMString.h"; sourceTree = "<group>"; };
		09F2BD86123B4F62890FE36D /* ZIMSqlStatement.h */ = {isa = PBXFileReference; explicitFileType = undefined; fileEncoding = 4; includeInIndex = 0; lastKnownFileType = sourcecode.c.h; name = ZIMSqlStatement.h; path = "cordova-plugin-background-geolocation/ZIMSqlStatement.h"; sourceTree = "<group>"; };
		0CF3C7DE1F17470EB02C8786 /* INTULocationRequest.m */ = {isa = PBXFileReference; explicitFileType = undefined; fileEncoding = 4; includeInIndex = 0; lastKnownFileType = sourcecode.c.objc; name = INTULocationRequest.m; path = "cordova-plugin-background-geolocation/INTULocationRequest.m"; sourceTree = "<group>"; };
		0EF3FDCAE2E34A1D8567CD9F /* MAURBackgroundSync.m */ = {isa = PBXFileReference; explicitFileType = undefined; fileEncoding = 4; includeInIndex = 0; lastKnownFileType = sourcecode.c.objc; name = MAURBackgroundSync.m; path = "cordova-plugin-background-geolocation/MAURBackgroundSync.m"; sourceTree = "<group>"; };
		0F30FFA5A05E41FAB547F809 /* MAURActivityLocationProvider.m */ = {isa = PBXFileReference; explicitFileType = undefined; fileEncoding = 4; includeInIndex = 0; lastKnownFileType = sourcecode.c.objc; name = MAURActivityLocationProvider.m; path = "cordova-plugin-background-geolocation/MAURActivityLocationProvider.m"; sourceTree = "<group>"; };
		100914FB69F441158C70CD4A /* ZIMSqlSelectStatement.h */ = {isa = PBXFileReference; explicitFileType = undefined; fileEncoding = 4; includeInIndex = 0; lastKnownFileType = sourcecode.c.h; name = ZIMSqlSelectStatement.h; path = "cordova-plugin-background-geolocation/ZIMSqlSelectStatement.h"; sourceTree = "<group>"; };
		113F42D7819E498594B24336 /* MAURBackgroundSync.h */ = {isa = PBXFileReference; explicitFileType = undefined; fileEncoding = 4; includeInIndex = 0; lastKnownFileType = sourcecode.c.h; name = MAURBackgroundSync.h; path = "cordova-plugin-background-geolocation/MAURBackgroundSync.h"; sourceTree = "<group>"; };
		16674283416E432F829BB11A /* MAURLocation.m */ = {isa = PBXFileReference; explicitFileType = undefined; fileEncoding = 4; includeInIndex = 0; lastKnownFileType = sourcecode.c.objc; name = MAURLocation.m; path = "cordova-plugin-background-geolocation/MAURLocation.m"; sourceTree = "<group>"; };
		1A5BCEF91F604F969F06D112 /* SOStepDetector.m */ = {isa = PBXFileReference; explicitFileType = undefined; fileEncoding = 4; includeInIndex = 0; lastKnownFileType = sourcecode.c.objc; name = SOStepDetector.m; path = "cordova-plugin-background-geolocation/SOStepDetector.m"; sourceTree = "<group>"; };
		1B766D5F8B9E424FB1D31F4D /* SOMotionActivity.m */ = {isa = PBXFileReference; explicitFileType = undefined; fileEncoding = 4; includeInIndex = 0; lastKnownFileType = sourcecode.c.objc; name = SOMotionActivity.m; path = "cordova-plugin-background-geolocation/SOMotionActivity.m"; sourceTree = "<group>"; };
		1D1F5508F6F64398BA3D3492 /* MAURSQLiteLocationDAO.m */ = {isa = PBXFileReference; explicitFileType = undefined; fileEncoding = 4; includeInIndex = 0; lastKnownFileType = sourcecode.c.objc; name = MAURSQLiteLocationDAO.m; path = "cordova-plugin-background-geolocation/MAURSQLiteLocationDAO.m"; sourceTree = "<group>"; };
		1D3623240D0F684500981E51 /* AppDelegate.h */ = {isa = PBXFileReference; fileEncoding = 4; lastKnownFileType = sourcecode.c.h; path = AppDelegate.h; sourceTree = "<group>"; };
		1D3623250D0F684500981E51 /* AppDelegate.m */ = {isa = PBXFileReference; fileEncoding = 4; lastKnownFileType = sourcecode.c.objc; path = AppDelegate.m; sourceTree = "<group>"; };
		1D6058910D05DD3D006BFB54 /* Taxi Mura.app */ = {isa = PBXFileReference; explicitFileType = wrapper.application; includeInIndex = 0; path = "Taxi Mura.app"; sourceTree = BUILT_PRODUCTS_DIR; };
		1F959B7DA31A4D7486539D0A /* CDVBackgroundGeolocation.m */ = {isa = PBXFileReference; explicitFileType = undefined; fileEncoding = 4; includeInIndex = 0; lastKnownFileType = sourcecode.c.objc; name = CDVBackgroundGeolocation.m; path = "cordova-plugin-background-geolocation/CDVBackgroundGeolocation.m"; sourceTree = "<group>"; };
		22D78ECCDFF94707BC9AED2E /* MAURLocationManager.m */ = {isa = PBXFileReference; explicitFileType = undefined; fileEncoding = 4; includeInIndex = 0; lastKnownFileType = sourcecode.c.objc; name = MAURLocationManager.m; path = "cordova-plugin-background-geolocation/MAURLocationManager.m"; sourceTree = "<group>"; };
		27EF79AA22DF4B2A98A87ED1 /* ZIMSqlSelectStatement.m */ = {isa = PBXFileReference; explicitFileType = undefined; fileEncoding = 4; includeInIndex = 0; lastKnownFileType = sourcecode.c.objc; name = ZIMSqlSelectStatement.m; path = "cordova-plugin-background-geolocation/ZIMSqlSelectStatement.m"; sourceTree = "<group>"; };
		29B97316FDCFA39411CA2CEA /* main.m */ = {isa = PBXFileReference; fileEncoding = 4; lastKnownFileType = sourcecode.c.objc; path = main.m; sourceTree = "<group>"; };
		2ABA9A1EA40148F2A9C7EE2D /* MAURBackgroundTaskManager.m */ = {isa = PBXFileReference; explicitFileType = undefined; fileEncoding = 4; includeInIndex = 0; lastKnownFileType = sourcecode.c.objc; name = MAURBackgroundTaskManager.m; path = "cordova-plugin-background-geolocation/MAURBackgroundTaskManager.m"; sourceTree = "<group>"; };
		2E8A285BB0C744539952BD71 /* SystemConfiguration.framework */ = {isa = PBXFileReference; explicitFileType = undefined; fileEncoding = 9; includeInIndex = 0; lastKnownFileType = wrapper.framework; name = SystemConfiguration.framework; path = System/Library/Frameworks/SystemConfiguration.framework; sourceTree = SDKROOT; };
		2EB367665BC94B49A1C6437F /* Reachability.h */ = {isa = PBXFileReference; explicitFileType = undefined; fileEncoding = 4; includeInIndex = 0; lastKnownFileType = sourcecode.c.h; name = Reachability.h; path = "cordova-plugin-background-geolocation/Reachability.h"; sourceTree = "<group>"; };
		2FE52D8E56D14D78B7C75636 /* MAURDistanceFilterLocationProvider.m */ = {isa = PBXFileReference; explicitFileType = undefined; fileEncoding = 4; includeInIndex = 0; lastKnownFileType = sourcecode.c.objc; name = MAURDistanceFilterLocationProvider.m; path = "cordova-plugin-background-geolocation/MAURDistanceFilterLocationProvider.m"; sourceTree = "<group>"; };
		301BF52D109A57CC0062928A /* CordovaLib.xcodeproj */ = {isa = PBXFileReference; lastKnownFileType = "wrapper.pb-project"; name = CordovaLib.xcodeproj; path = CordovaLib/CordovaLib.xcodeproj; sourceTree = "<group>"; };
		301BF56E109A69640062928A /* www */ = {isa = PBXFileReference; lastKnownFileType = folder; path = www; sourceTree = SOURCE_ROOT; };
		302D95EE14D2391D003F00A1 /* MainViewController.h */ = {isa = PBXFileReference; fileEncoding = 4; lastKnownFileType = sourcecode.c.h; path = MainViewController.h; sourceTree = "<group>"; };
		302D95EF14D2391D003F00A1 /* MainViewController.m */ = {isa = PBXFileReference; fileEncoding = 4; lastKnownFileType = sourcecode.c.objc; path = MainViewController.m; sourceTree = "<group>"; };
		302D95F014D2391D003F00A1 /* MainViewController.xib */ = {isa = PBXFileReference; fileEncoding = 4; lastKnownFileType = file.xib; path = MainViewController.xib; sourceTree = "<group>"; };
		3047A50F1AB8059700498E2A /* build-debug.xcconfig */ = {isa = PBXFileReference; fileEncoding = 4; lastKnownFileType = text.xcconfig; name = "build-debug.xcconfig"; path = "cordova/build-debug.xcconfig"; sourceTree = SOURCE_ROOT; };
		3047A5101AB8059700498E2A /* build-release.xcconfig */ = {isa = PBXFileReference; fileEncoding = 4; lastKnownFileType = text.xcconfig; name = "build-release.xcconfig"; path = "cordova/build-release.xcconfig"; sourceTree = SOURCE_ROOT; };
		3047A5111AB8059700498E2A /* build.xcconfig */ = {isa = PBXFileReference; fileEncoding = 4; lastKnownFileType = text.xcconfig; name = build.xcconfig; path = cordova/build.xcconfig; sourceTree = SOURCE_ROOT; };
		323232CF12A24084BF5E29D9 /* MAURPostLocationTask.h */ = {isa = PBXFileReference; explicitFileType = undefined; fileEncoding = 4; includeInIndex = 0; lastKnownFileType = sourcecode.c.h; name = MAURPostLocationTask.h; path = "cordova-plugin-background-geolocation/MAURPostLocationTask.h"; sourceTree = "<group>"; };
		32CA4F630368D1EE00C91783 /* Taxi Mura-Prefix.pch */ = {isa = PBXFileReference; fileEncoding = 4; lastKnownFileType = sourcecode.c.h; path = "Taxi Mura-Prefix.pch"; sourceTree = "<group>"; };
		3CD7E56CB5BB4CA386DD2DC7 /* MAURPostLocationTask.m */ = {isa = PBXFileReference; explicitFileType = undefined; fileEncoding = 4; includeInIndex = 0; lastKnownFileType = sourcecode.c.objc; name = MAURPostLocationTask.m; path = "cordova-plugin-background-geolocation/MAURPostLocationTask.m"; sourceTree = "<group>"; };
		47B1F446D47A4592ACFD83AF /* INTULocationManager.m */ = {isa = PBXFileReference; explicitFileType = undefined; fileEncoding = 4; includeInIndex = 0; lastKnownFileType = sourcecode.c.objc; name = INTULocationManager.m; path = "cordova-plugin-background-geolocation/INTULocationManager.m"; sourceTree = "<group>"; };
		4E5DB55A5728405580605B2B /* INTURequestIDGenerator.m */ = {isa = PBXFileReference; explicitFileType = undefined; fileEncoding = 4; includeInIndex = 0; lastKnownFileType = sourcecode.c.objc; name = INTURequestIDGenerator.m; path = "cordova-plugin-background-geolocation/INTURequestIDGenerator.m"; sourceTree = "<group>"; };
		4E8C9877068445C198BC5A21 /* libsqlite3.dylib */ = {isa = PBXFileReference; explicitFileType = undefined; fileEncoding = 9; includeInIndex = 0; lastKnownFileType = "compiled.mach-o.dylib"; name = libsqlite3.dylib; path = usr/lib/libsqlite3.dylib; sourceTree = SDKROOT; };
		51BB4B0D917F4635B10EA014 /* MAURBackgroundGeolocationFacade.m */ = {isa = PBXFileReference; explicitFileType = undefined; fileEncoding = 4; includeInIndex = 0; lastKnownFileType = sourcecode.c.objc; name = MAURBackgroundGeolocationFacade.m; path = "cordova-plugin-background-geolocation/MAURBackgroundGeolocationFacade.m"; sourceTree = "<group>"; };
		53D74BC348F3410AA7E876E1 /* MAURBackgroundGeolocationFacade.h */ = {isa = PBXFileReference; explicitFileType = undefined; fileEncoding = 4; includeInIndex = 0; lastKnownFileType = sourcecode.c.h; name = MAURBackgroundGeolocationFacade.h; path = "cordova-plugin-background-geolocation/MAURBackgroundGeolocationFacade.h"; sourceTree = "<group>"; };
		54D3E4DDC1BD4C458255FDD1 /* SOMotionDetector.h */ = {isa = PBXFileReference; explicitFileType = undefined; fileEncoding = 4; includeInIndex = 0; lastKnownFileType = sourcecode.c.h; name = SOMotionDetector.h; path = "cordova-plugin-background-geolocation/SOMotionDetector.h"; sourceTree = "<group>"; };
		5BB652EB211445508C0B78BC /* INTULocationRequestDefines.h */ = {isa = PBXFileReference; explicitFileType = undefined; fileEncoding = 4; includeInIndex = 0; lastKnownFileType = sourcecode.c.h; name = INTULocationRequestDefines.h; path = "cordova-plugin-background-geolocation/INTULocationRequestDefines.h"; sourceTree = "<group>"; };
		5E29B4880E3B4F1189469F92 /* MAURSQLiteHelper.h */ = {isa = PBXFileReference; explicitFileType = undefined; fileEncoding = 4; includeInIndex = 0; lastKnownFileType = sourcecode.c.h; name = MAURSQLiteHelper.h; path = "cordova-plugin-background-geolocation/MAURSQLiteHelper.h"; sourceTree = "<group>"; };
		60B46BD6816B4AB294F33081 /* MAURConfigurationContract.h */ = {isa = PBXFileReference; explicitFileType = undefined; fileEncoding = 4; includeInIndex = 0; lastKnownFileType = sourcecode.c.h; name = MAURConfigurationContract.h; path = "cordova-plugin-background-geolocation/MAURConfigurationContract.h"; sourceTree = "<group>"; };
		618E19CF448248728FA41B42 /* MAURGeolocationOpenHelper.h */ = {isa = PBXFileReference; explicitFileType = undefined; fileEncoding = 4; includeInIndex = 0; lastKnownFileType = sourcecode.c.h; name = MAURGeolocationOpenHelper.h; path = "cordova-plugin-background-geolocation/MAURGeolocationOpenHelper.h"; sourceTree = "<group>"; };
		627A55406156461BA812A8BF /* SOMotionDetector.m */ = {isa = PBXFileReference; explicitFileType = undefined; fileEncoding = 4; includeInIndex = 0; lastKnownFileType = sourcecode.c.objc; name = SOMotionDetector.m; path = "cordova-plugin-background-geolocation/SOMotionDetector.m"; sourceTree = "<group>"; };
		630BCDB1E14C4D748CFDB4A0 /* FMDB.m */ = {isa = PBXFileReference; explicitFileType = undefined; fileEncoding = 4; includeInIndex = 0; lastKnownFileType = sourcecode.c.objc; name = FMDB.m; path = "cordova-plugin-background-geolocation/FMDB.m"; sourceTree = "<group>"; };
		6AFF5BF81D6E424B00AB3073 /* CDVLaunchScreen.storyboard */ = {isa = PBXFileReference; fileEncoding = 4; lastKnownFileType = file.storyboard; name = CDVLaunchScreen.storyboard; path = "Taxi Mura/CDVLaunchScreen.storyboard"; sourceTree = SOURCE_ROOT; };
		6C2D897395ED459F8E0330B2 /* MAURSQLiteLocationDAO.h */ = {isa = PBXFileReference; explicitFileType = undefined; fileEncoding = 4; includeInIndex = 0; lastKnownFileType = sourcecode.c.h; name = MAURSQLiteLocationDAO.h; path = "cordova-plugin-background-geolocation/MAURSQLiteLocationDAO.h"; sourceTree = "<group>"; };
		6EAC0D419EAC4103AED2A4EB /* MAURProviderDelegate.h */ = {isa = PBXFileReference; explicitFileType = undefined; fileEncoding = 4; includeInIndex = 0; lastKnownFileType = sourcecode.c.h; name = MAURProviderDelegate.h; path = "cordova-plugin-background-geolocation/MAURProviderDelegate.h"; sourceTree = "<group>"; };
		702941566EC94F8ABA8D9017 /* MAURSQLiteOpenHelper.m */ = {isa = PBXFileReference; explicitFileType = undefined; fileEncoding = 4; includeInIndex = 0; lastKnownFileType = sourcecode.c.objc; name = MAURSQLiteOpenHelper.m; path = "cordova-plugin-background-geolocation/MAURSQLiteOpenHelper.m"; sourceTree = "<group>"; };
		72159546F6134BE6A1A51BEB /* MAURAbstractLocationProvider.h */ = {isa = PBXFileReference; explicitFileType = undefined; fileEncoding = 4; includeInIndex = 0; lastKnownFileType = sourcecode.c.h; name = MAURAbstractLocationProvider.h; path = "cordova-plugin-background-geolocation/MAURAbstractLocationProvider.h"; sourceTree = "<group>"; };
		72AA339983A946BBB66D5129 /* MAURUncaughtExceptionLogger.h */ = {isa = PBXFileReference; explicitFileType = undefined; fileEncoding = 4; includeInIndex = 0; lastKnownFileType = sourcecode.c.h; name = MAURUncaughtExceptionLogger.h; path = "cordova-plugin-background-geolocation/MAURUncaughtExceptionLogger.h"; sourceTree = "<group>"; };
		73216E1997F34997AD87132C /* CDVBackgroundGeolocation.h */ = {isa = PBXFileReference; explicitFileType = undefined; fileEncoding = 4; includeInIndex = 0; lastKnownFileType = sourcecode.c.h; name = CDVBackgroundGeolocation.h; path = "cordova-plugin-background-geolocation/CDVBackgroundGeolocation.h"; sourceTree = "<group>"; };
		73DBD3639C94443E919F6917 /* CoreLocation.framework */ = {isa = PBXFileReference; explicitFileType = undefined; fileEncoding = 9; includeInIndex = 0; lastKnownFileType = wrapper.framework; name = CoreLocation.framework; path = System/Library/Frameworks/CoreLocation.framework; sourceTree = SDKROOT; };
		772BA361D7564F8E909F686A /* MAURActivityLocationProvider.h */ = {isa = PBXFileReference; explicitFileType = undefined; fileEncoding = 4; includeInIndex = 0; lastKnownFileType = sourcecode.c.h; name = MAURActivityLocationProvider.h; path = "cordova-plugin-background-geolocation/MAURActivityLocationProvider.h"; sourceTree = "<group>"; };
		77E90BDC5A6E4C978EA66F9E /* CDVDevice.h */ = {isa = PBXFileReference; explicitFileType = undefined; fileEncoding = 4; includeInIndex = 0; lastKnownFileType = sourcecode.c.h; name = CDVDevice.h; path = "cordova-plugin-device/CDVDevice.h"; sourceTree = "<group>"; };
		83906F7ABB6845F28399AED4 /* Reachability.m */ = {isa = PBXFileReference; explicitFileType = undefined; fileEncoding = 4; includeInIndex = 0; lastKnownFileType = sourcecode.c.objc; name = Reachability.m; path = "cordova-plugin-background-geolocation/Reachability.m"; sourceTree = "<group>"; };
		839633F3981E4B4B8FF7CE0F /* ZIMSqlExpression.m */ = {isa = PBXFileReference; explicitFileType = undefined; fileEncoding = 4; includeInIndex = 0; lastKnownFileType = sourcecode.c.objc; name = ZIMSqlExpression.m; path = "cordova-plugin-background-geolocation/ZIMSqlExpression.m"; sourceTree = "<group>"; };
		8C47D8145DF945C1894FAECE /* INTUHeadingRequest.m */ = {isa = PBXFileReference; explicitFileType = undefined; fileEncoding = 4; includeInIndex = 0; lastKnownFileType = sourcecode.c.objc; name = INTUHeadingRequest.m; path = "cordova-plugin-background-geolocation/INTUHeadingRequest.m"; sourceTree = "<group>"; };
		8CB7D6F0502A46A2994B705F /* MAURLogReader.m */ = {isa = PBXFileReference; explicitFileType = undefined; fileEncoding = 4; includeInIndex = 0; lastKnownFileType = sourcecode.c.objc; name = MAURLogReader.m; path = "cordova-plugin-background-geolocation/MAURLogReader.m"; sourceTree = "<group>"; };
		8CBC45350A2A4896A0FC3417 /* MAURGeolocationOpenHelper.m */ = {isa = PBXFileReference; explicitFileType = undefined; fileEncoding = 4; includeInIndex = 0; lastKnownFileType = sourcecode.c.objc; name = MAURGeolocationOpenHelper.m; path = "cordova-plugin-background-geolocation/MAURGeolocationOpenHelper.m"; sourceTree = "<group>"; };
		8D1107310486CEB800E47090 /* Taxi Mura-Info.plist */ = {isa = PBXFileReference; fileEncoding = 4; lastKnownFileType = text.plist.xml; name = "Taxi Mura-Info.plist"; path = "Taxi Mura/Taxi Mura-Info.plist"; plistStructureDefinitionIdentifier = "com.apple.xcode.plist.structure-definition.iphone.info-plist"; sourceTree = SOURCE_ROOT; };
		8D4282C5718446F3A206CEE0 /* FMDB.h */ = {isa = PBXFileReference; explicitFileType = undefined; fileEncoding = 4; includeInIndex = 0; lastKnownFileType = sourcecode.c.h; name = FMDB.h; path = "cordova-plugin-background-geolocation/FMDB.h"; sourceTree = "<group>"; };
		92972AC19BA744F0AABF8C10 /* ZIMSqlDataManipulationCommand.h */ = {isa = PBXFileReference; explicitFileType = undefined; fileEncoding = 4; includeInIndex = 0; lastKnownFileType = sourcecode.c.h; name = ZIMSqlDataManipulationCommand.h; path = "cordova-plugin-background-geolocation/ZIMSqlDataManipulationCommand.h"; sourceTree = "<group>"; };
		94B85429BA0C4CA0AEDBB4FF /* MAURSQLiteOpenHelper.h */ = {isa = PBXFileReference; explicitFileType = undefined; fileEncoding = 4; includeInIndex = 0; lastKnownFileType = sourcecode.c.h; name = MAURSQLiteOpenHelper.h; path = "cordova-plugin-background-geolocation/MAURSQLiteOpenHelper.h"; sourceTree = "<group>"; };
		94E36A52CC5B4A669FD52EB8 /* MAURSQLiteHelper.m */ = {isa = PBXFileReference; explicitFileType = undefined; fileEncoding = 4; includeInIndex = 0; lastKnownFileType = sourcecode.c.objc; name = MAURSQLiteHelper.m; path = "cordova-plugin-background-geolocation/MAURSQLiteHelper.m"; sourceTree = "<group>"; };
		970799EFEAB640B6A8C78A9C /* CDVLocation.m */ = {isa = PBXFileReference; explicitFileType = undefined; fileEncoding = 4; includeInIndex = 0; lastKnownFileType = sourcecode.c.objc; name = CDVLocation.m; path = "cordova-plugin-geolocation/CDVLocation.m"; sourceTree = "<group>"; };
		980C482EB5A843CFAAABADDD /* MAURSQLiteConfigurationDAO.h */ = {isa = PBXFileReference; explicitFileType = undefined; fileEncoding = 4; includeInIndex = 0; lastKnownFileType = sourcecode.c.h; name = MAURSQLiteConfigurationDAO.h; path = "cordova-plugin-background-geolocation/MAURSQLiteConfigurationDAO.h"; sourceTree = "<group>"; };
		99442410B20841CB8DFD00B1 /* MAURActivity.h */ = {isa = PBXFileReference; explicitFileType = undefined; fileEncoding = 4; includeInIndex = 0; lastKnownFileType = sourcecode.c.h; name = MAURActivity.h; path = "cordova-plugin-background-geolocation/MAURActivity.h"; sourceTree = "<group>"; };
		9ABDC2D127A74484833A58DD /* CDVLocation.h */ = {isa = PBXFileReference; explicitFileType = undefined; fileEncoding = 4; includeInIndex = 0; lastKnownFileType = sourcecode.c.h; name = CDVLocation.h; path = "cordova-plugin-geolocation/CDVLocation.h"; sourceTree = "<group>"; };
		9C8FE213CB8B4EA089D998B9 /* NSString+ZIMString.m */ = {isa = PBXFileReference; explicitFileType = undefined; fileEncoding = 4; includeInIndex = 0; lastKnownFileType = sourcecode.c.objc; name = "NSString+ZIMString.m"; path = "cordova-plugin-background-geolocation/NSString+ZIMString.m"; sourceTree = "<group>"; };
		9D360918B42A44C184AF619F /* MAURConfig.h */ = {isa = PBXFileReference; explicitFileType = undefined; fileEncoding = 4; includeInIndex = 0; lastKnownFileType = sourcecode.c.h; name = MAURConfig.h; path = "cordova-plugin-background-geolocation/MAURConfig.h"; sourceTree = "<group>"; };
		9D4DAC1279F44E259FF75D81 /* MAURLogging.h */ = {isa = PBXFileReference; explicitFileType = undefined; fileEncoding = 4; includeInIndex = 0; lastKnownFileType = sourcecode.c.h; name = MAURLogging.h; path = "cordova-plugin-background-geolocation/MAURLogging.h"; sourceTree = "<group>"; };
		9F649BB6DB184A1E95ECC66D /* MAURAbstractLocationProvider.m */ = {isa = PBXFileReference; explicitFileType = undefined; fileEncoding = 4; includeInIndex = 0; lastKnownFileType = sourcecode.c.objc; name = MAURAbstractLocationProvider.m; path = "cordova-plugin-background-geolocation/MAURAbstractLocationProvider.m"; sourceTree = "<group>"; };
		A387CDF540104099B5C2FE14 /* CDVDevice.m */ = {isa = PBXFileReference; explicitFileType = undefined; fileEncoding = 4; includeInIndex = 0; lastKnownFileType = sourcecode.c.objc; name = CDVDevice.m; path = "cordova-plugin-device/CDVDevice.m"; sourceTree = "<group>"; };
		A48689FFAEDD45F79F0D428C /* MAURLocationManager.h */ = {isa = PBXFileReference; explicitFileType = undefined; fileEncoding = 4; includeInIndex = 0; lastKnownFileType = sourcecode.c.h; name = MAURLocationManager.h; path = "cordova-plugin-background-geolocation/MAURLocationManager.h"; sourceTree = "<group>"; };
		AB21F7A0D0D14C0E9C0B7139 /* SOStepDetector.h */ = {isa = PBXFileReference; explicitFileType = undefined; fileEncoding = 4; includeInIndex = 0; lastKnownFileType = sourcecode.c.h; name = SOStepDetector.h; path = "cordova-plugin-background-geolocation/SOStepDetector.h"; sourceTree = "<group>"; };
		AC85091D137647C891581353 /* MAURDistanceFilterLocationProvider.h */ = {isa = PBXFileReference; explicitFileType = undefined; fileEncoding = 4; includeInIndex = 0; lastKnownFileType = sourcecode.c.h; name = MAURDistanceFilterLocationProvider.h; path = "cordova-plugin-background-geolocation/MAURDistanceFilterLocationProvider.h"; sourceTree = "<group>"; };
		ACEFFEE930254B2081B7C16D /* MAURUncaughtExceptionLogger.m */ = {isa = PBXFileReference; explicitFileType = undefined; fileEncoding = 4; includeInIndex = 0; lastKnownFileType = sourcecode.c.objc; name = MAURUncaughtExceptionLogger.m; path = "cordova-plugin-background-geolocation/MAURUncaughtExceptionLogger.m"; sourceTree = "<group>"; };
		AF588A352A7A4A5DBAD944DC /* CocoaLumberjack.h */ = {isa = PBXFileReference; explicitFileType = undefined; fileEncoding = 4; includeInIndex = 0; lastKnownFileType = sourcecode.c.h; name = CocoaLumberjack.h; path = "cordova-plugin-background-geolocation/CocoaLumberjack.h"; sourceTree = "<group>"; };
		B6841512BA524A6C84062046 /* SOLocationManager.m */ = {isa = PBXFileReference; explicitFileType = undefined; fileEncoding = 4; includeInIndex = 0; lastKnownFileType = sourcecode.c.objc; name = SOLocationManager.m; path = "cordova-plugin-background-geolocation/SOLocationManager.m"; sourceTree = "<group>"; };
		BA73DB177CC04E96844F1638 /* MAURActivity.m */ = {isa = PBXFileReference; explicitFileType = undefined; fileEncoding = 4; includeInIndex = 0; lastKnownFileType = sourcecode.c.objc; name = MAURActivity.m; path = "cordova-plugin-background-geolocation/MAURActivity.m"; sourceTree = "<group>"; };
		BAD7547E690F4EEE9F9EFEFD /* SOLocationManager.h */ = {isa = PBXFileReference; explicitFileType = undefined; fileEncoding = 4; includeInIndex = 0; lastKnownFileType = sourcecode.c.h; name = SOLocationManager.h; path = "cordova-plugin-background-geolocation/SOLocationManager.h"; sourceTree = "<group>"; };
		C08385F95E304944BD9526BE /* INTULocationManager.h */ = {isa = PBXFileReference; explicitFileType = undefined; fileEncoding = 4; includeInIndex = 0; lastKnownFileType = sourcecode.c.h; name = INTULocationManager.h; path = "cordova-plugin-background-geolocation/INTULocationManager.h"; sourceTree = "<group>"; };
		C6211147F3C9423CAB651D12 /* MAURRawLocationProvider.h */ = {isa = PBXFileReference; explicitFileType = undefined; fileEncoding = 4; includeInIndex = 0; lastKnownFileType = sourcecode.c.h; name = MAURRawLocationProvider.h; path = "cordova-plugin-background-geolocation/MAURRawLocationProvider.h"; sourceTree = "<group>"; };
		C922D70C2BFB46B98A5D447F /* CocoaLumberjack.m */ = {isa = PBXFileReference; explicitFileType = undefined; fileEncoding = 4; includeInIndex = 0; lastKnownFileType = sourcecode.c.objc; name = CocoaLumberjack.m; path = "cordova-plugin-background-geolocation/CocoaLumberjack.m"; sourceTree = "<group>"; };
		C93E6DCCA6904A658CD24191 /* INTULocationRequest.h */ = {isa = PBXFileReference; explicitFileType = undefined; fileEncoding = 4; includeInIndex = 0; lastKnownFileType = sourcecode.c.h; name = INTULocationRequest.h; path = "cordova-plugin-background-geolocation/INTULocationRequest.h"; sourceTree = "<group>"; };
		CF1E91516C42452DB72BA370 /* MAURBackgroundTaskManager.h */ = {isa = PBXFileReference; explicitFileType = undefined; fileEncoding = 4; includeInIndex = 0; lastKnownFileType = sourcecode.c.h; name = MAURBackgroundTaskManager.h; path = "cordova-plugin-background-geolocation/MAURBackgroundTaskManager.h"; sourceTree = "<group>"; };
		D3E0C79714AF49D88C5DA780 /* FMDBLogger.h */ = {isa = PBXFileReference; explicitFileType = undefined; fileEncoding = 4; includeInIndex = 0; lastKnownFileType = sourcecode.c.h; name = FMDBLogger.h; path = "cordova-plugin-background-geolocation/FMDBLogger.h"; sourceTree = "<group>"; };
		D7A8A9E5728D418FB7043571 /* MAURLocationContract.h */ = {isa = PBXFileReference; explicitFileType = undefined; fileEncoding = 4; includeInIndex = 0; lastKnownFileType = sourcecode.c.h; name = MAURLocationContract.h; path = "cordova-plugin-background-geolocation/MAURLocationContract.h"; sourceTree = "<group>"; };
		D8F25373ABAA4C72BC24D48F /* MAURLogReader.h */ = {isa = PBXFileReference; explicitFileType = undefined; fileEncoding = 4; includeInIndex = 0; lastKnownFileType = sourcecode.c.h; name = MAURLogReader.h; path = "cordova-plugin-background-geolocation/MAURLogReader.h"; sourceTree = "<group>"; };
		D94E4D05CBE4475A96DE9B83 /* FMDBLogger.m */ = {isa = PBXFileReference; explicitFileType = undefined; fileEncoding = 4; includeInIndex = 0; lastKnownFileType = sourcecode.c.objc; name = FMDBLogger.m; path = "cordova-plugin-background-geolocation/FMDBLogger.m"; sourceTree = "<group>"; };
		DA6CF8A2815C4396A4EA758F /* MAURRawLocationProvider.m */ = {isa = PBXFileReference; explicitFileType = undefined; fileEncoding = 4; includeInIndex = 0; lastKnownFileType = sourcecode.c.objc; name = MAURRawLocationProvider.m; path = "cordova-plugin-background-geolocation/MAURRawLocationProvider.m"; sourceTree = "<group>"; };
		DCDD82055BA244A1846480A8 /* AVFoundation.framework */ = {isa = PBXFileReference; explicitFileType = undefined; fileEncoding = 9; includeInIndex = 0; lastKnownFileType = wrapper.framework; name = AVFoundation.framework; path = System/Library/Frameworks/AVFoundation.framework; sourceTree = SDKROOT; };
		DEE09D0D19F3430192339426 /* MAURConfigurationContract.m */ = {isa = PBXFileReference; explicitFileType = undefined; fileEncoding = 4; includeInIndex = 0; lastKnownFileType = sourcecode.c.objc; name = MAURConfigurationContract.m; path = "cordova-plugin-background-geolocation/MAURConfigurationContract.m"; sourceTree = "<group>"; };
		E10472E6AE0A46F7B6A9AB86 /* MAURLocationContract.m */ = {isa = PBXFileReference; explicitFileType = undefined; fileEncoding = 4; includeInIndex = 0; lastKnownFileType = sourcecode.c.objc; name = MAURLocationContract.m; path = "cordova-plugin-background-geolocation/MAURLocationContract.m"; sourceTree = "<group>"; };
		E1AA15DB43EF4121AD7F2DFA /* SOMotionActivity.h */ = {isa = PBXFileReference; explicitFileType = undefined; fileEncoding = 4; includeInIndex = 0; lastKnownFileType = sourcecode.c.h; name = SOMotionActivity.h; path = "cordova-plugin-background-geolocation/SOMotionActivity.h"; sourceTree = "<group>"; };
		EB84BD0DA3AE4268BCB612D9 /* ZIMSqlExpression.h */ = {isa = PBXFileReference; explicitFileType = undefined; fileEncoding = 4; includeInIndex = 0; lastKnownFileType = sourcecode.c.h; name = ZIMSqlExpression.h; path = "cordova-plugin-background-geolocation/ZIMSqlExpression.h"; sourceTree = "<group>"; };
		EB87FDF31871DA8E0020F90C /* www */ = {isa = PBXFileReference; lastKnownFileType = folder; name = www; path = ../../www; sourceTree = "<group>"; };
		EB87FDF41871DAF40020F90C /* config.xml */ = {isa = PBXFileReference; lastKnownFileType = text.xml; name = config.xml; path = ../../config.xml; sourceTree = "<group>"; };
		EBD31A8049A94EAD948C4994 /* AudioToolbox.framework */ = {isa = PBXFileReference; explicitFileType = undefined; fileEncoding = 9; includeInIndex = 0; lastKnownFileType = wrapper.framework; name = AudioToolbox.framework; path = System/Library/Frameworks/AudioToolbox.framework; sourceTree = SDKROOT; };
		ED33DF2A687741AEAF9F8254 /* Bridging-Header.h */ = {isa = PBXFileReference; fileEncoding = 4; lastKnownFileType = sourcecode.c.h; path = "Bridging-Header.h"; sourceTree = "<group>"; };
		ED64202B963042429FC26FDE /* MAURSQLiteConfigurationDAO.m */ = {isa = PBXFileReference; explicitFileType = undefined; fileEncoding = 4; includeInIndex = 0; lastKnownFileType = sourcecode.c.objc; name = MAURSQLiteConfigurationDAO.m; path = "cordova-plugin-background-geolocation/MAURSQLiteConfigurationDAO.m"; sourceTree = "<group>"; };
		F72D39EBA11F404B903390E6 /* INTUHeadingRequest.h */ = {isa = PBXFileReference; explicitFileType = undefined; fileEncoding = 4; includeInIndex = 0; lastKnownFileType = sourcecode.c.h; name = INTUHeadingRequest.h; path = "cordova-plugin-background-geolocation/INTUHeadingRequest.h"; sourceTree = "<group>"; };
		F840E1F0165FE0F500CFE078 /* config.xml */ = {isa = PBXFileReference; lastKnownFileType = text.xml; name = config.xml; path = "Taxi Mura/config.xml"; sourceTree = "<group>"; };
		FBBD3BD01A6548A7B13CE4F6 /* MAURConfig.m */ = {isa = PBXFileReference; explicitFileType = undefined; fileEncoding = 4; includeInIndex = 0; lastKnownFileType = sourcecode.c.objc; name = MAURConfig.m; path = "cordova-plugin-background-geolocation/MAURConfig.m"; sourceTree = "<group>"; };
		FE9F689C1827484EB4E0A35A /* INTURequestIDGenerator.h */ = {isa = PBXFileReference; explicitFileType = undefined; fileEncoding = 4; includeInIndex = 0; lastKnownFileType = sourcecode.c.h; name = INTURequestIDGenerator.h; path = "cordova-plugin-background-geolocation/INTURequestIDGenerator.h"; sourceTree = "<group>"; };
		FF0BF05BF65A4505931AFFD3 /* MAURLocation.h */ = {isa = PBXFileReference; explicitFileType = undefined; fileEncoding = 4; includeInIndex = 0; lastKnownFileType = sourcecode.c.h; name = MAURLocation.h; path = "cordova-plugin-background-geolocation/MAURLocation.h"; sourceTree = "<group>"; };
		5341758BB6404E6787544363 /* CDVStatusBar.m */ = {isa = PBXFileReference; name = "CDVStatusBar.m"; path = "cordova-plugin-statusbar/CDVStatusBar.m"; sourceTree = "<group>"; fileEncoding = 4; lastKnownFileType = sourcecode.c.objc; explicitFileType = undefined; includeInIndex = 0; };
		09801F7AAC7843F197AF4725 /* CDVStatusBar.h */ = {isa = PBXFileReference; name = "CDVStatusBar.h"; path = "cordova-plugin-statusbar/CDVStatusBar.h"; sourceTree = "<group>"; fileEncoding = 4; lastKnownFileType = sourcecode.c.h; explicitFileType = undefined; includeInIndex = 0; };
/* End PBXFileReference section */

/* Begin PBXFrameworksBuildPhase section */
		1D60588F0D05DD3D006BFB54 /* Frameworks */ = {
			isa = PBXFrameworksBuildPhase;
			buildActionMask = 2147483647;
			files = (
				301BF552109A68D80062928A /* libCordova.a in Frameworks */,
				46CD0CA4BF05447EBAC6BA1F /* CoreLocation.framework in Frameworks */,
				399180285F9D4EC5A730366D /* SystemConfiguration.framework in Frameworks */,
				B7E9D0A1C9204D7D88E2F595 /* AudioToolbox.framework in Frameworks */,
				1389AAF0A9D540D6894AC5E1 /* AVFoundation.framework in Frameworks */,
				787E2C0A245447F1AC2768C4 /* libsqlite3.dylib in Frameworks */,
			);
			runOnlyForDeploymentPostprocessing = 0;
		};
/* End PBXFrameworksBuildPhase section */

/* Begin PBXGroup section */
		080E96DDFE201D6D7F000001 /* Classes */ = {
			isa = PBXGroup;
			children = (
				302D95EE14D2391D003F00A1 /* MainViewController.h */,
				302D95EF14D2391D003F00A1 /* MainViewController.m */,
				302D95F014D2391D003F00A1 /* MainViewController.xib */,
				1D3623240D0F684500981E51 /* AppDelegate.h */,
				1D3623250D0F684500981E51 /* AppDelegate.m */,
			);
			name = Classes;
			path = "Taxi Mura/Classes";
			sourceTree = SOURCE_ROOT;
		};
		19C28FACFE9D520D11CA2CBB /* Products */ = {
			isa = PBXGroup;
			children = (
				1D6058910D05DD3D006BFB54 /* Taxi Mura.app */,
			);
			name = Products;
			sourceTree = "<group>";
		};
		29B97314FDCFA39411CA2CEA /* CustomTemplate */ = {
			isa = PBXGroup;
			children = (
				EB87FDF41871DAF40020F90C /* config.xml */,
				EB87FDF31871DA8E0020F90C /* www */,
				EB87FDF11871DA420020F90C /* Staging */,
				301BF52D109A57CC0062928A /* CordovaLib.xcodeproj */,
				080E96DDFE201D6D7F000001 /* Classes */,
				307C750510C5A3420062BCA9 /* Plugins */,
				29B97315FDCFA39411CA2CEA /* Other Sources */,
				29B97317FDCFA39411CA2CEA /* Resources */,
				29B97323FDCFA39411CA2CEA /* Frameworks */,
				19C28FACFE9D520D11CA2CBB /* Products */,
			);
			name = CustomTemplate;
			sourceTree = "<group>";
		};
		29B97315FDCFA39411CA2CEA /* Other Sources */ = {
			isa = PBXGroup;
			children = (
				32CA4F630368D1EE00C91783 /* Taxi Mura-Prefix.pch */,
				29B97316FDCFA39411CA2CEA /* main.m */,
				ED33DF2A687741AEAF9F8254 /* Bridging-Header.h */,
			);
			name = "Other Sources";
			path = "Taxi Mura";
			sourceTree = "<group>";
		};
		29B97317FDCFA39411CA2CEA /* Resources */ = {
			isa = PBXGroup;
			children = (
				0207DA571B56EA530066E2B4 /* Images.xcassets */,
				3047A50E1AB8057F00498E2A /* config */,
				8D1107310486CEB800E47090 /* Taxi Mura-Info.plist */,
				6AFF5BF81D6E424B00AB3073 /* CDVLaunchScreen.storyboard */,
			);
			name = Resources;
			path = "Taxi Mura/Resources";
			sourceTree = "<group>";
		};
		29B97323FDCFA39411CA2CEA /* Frameworks */ = {
			isa = PBXGroup;
			children = (
				73DBD3639C94443E919F6917 /* CoreLocation.framework */,
				2E8A285BB0C744539952BD71 /* SystemConfiguration.framework */,
				EBD31A8049A94EAD948C4994 /* AudioToolbox.framework */,
				DCDD82055BA244A1846480A8 /* AVFoundation.framework */,
				4E8C9877068445C198BC5A21 /* libsqlite3.dylib */,
			);
			name = Frameworks;
			sourceTree = "<group>";
		};
		301BF52E109A57CC0062928A /* Products */ = {
			isa = PBXGroup;
			children = (
				301BF535109A57CC0062928A /* libCordova.a */,
				907D8124214C687600058A10 /* Cordova.framework */,
			);
			name = Products;
			sourceTree = "<group>";
		};
		3047A50E1AB8057F00498E2A /* config */ = {
			isa = PBXGroup;
			children = (
				3047A50F1AB8059700498E2A /* build-debug.xcconfig */,
				3047A5101AB8059700498E2A /* build-release.xcconfig */,
				3047A5111AB8059700498E2A /* build.xcconfig */,
			);
			name = config;
			sourceTree = "<group>";
		};
		307C750510C5A3420062BCA9 /* Plugins */ = {
			isa = PBXGroup;
			children = (
				1F959B7DA31A4D7486539D0A /* CDVBackgroundGeolocation.m */,
				C922D70C2BFB46B98A5D447F /* CocoaLumberjack.m */,
				630BCDB1E14C4D748CFDB4A0 /* FMDB.m */,
				D94E4D05CBE4475A96DE9B83 /* FMDBLogger.m */,
				8C47D8145DF945C1894FAECE /* INTUHeadingRequest.m */,
				47B1F446D47A4592ACFD83AF /* INTULocationManager.m */,
				0CF3C7DE1F17470EB02C8786 /* INTULocationRequest.m */,
				4E5DB55A5728405580605B2B /* INTURequestIDGenerator.m */,
				9F649BB6DB184A1E95ECC66D /* MAURAbstractLocationProvider.m */,
				BA73DB177CC04E96844F1638 /* MAURActivity.m */,
				0F30FFA5A05E41FAB547F809 /* MAURActivityLocationProvider.m */,
				51BB4B0D917F4635B10EA014 /* MAURBackgroundGeolocationFacade.m */,
				0EF3FDCAE2E34A1D8567CD9F /* MAURBackgroundSync.m */,
				2ABA9A1EA40148F2A9C7EE2D /* MAURBackgroundTaskManager.m */,
				FBBD3BD01A6548A7B13CE4F6 /* MAURConfig.m */,
				DEE09D0D19F3430192339426 /* MAURConfigurationContract.m */,
				2FE52D8E56D14D78B7C75636 /* MAURDistanceFilterLocationProvider.m */,
				8CBC45350A2A4896A0FC3417 /* MAURGeolocationOpenHelper.m */,
				16674283416E432F829BB11A /* MAURLocation.m */,
				E10472E6AE0A46F7B6A9AB86 /* MAURLocationContract.m */,
				22D78ECCDFF94707BC9AED2E /* MAURLocationManager.m */,
				8CB7D6F0502A46A2994B705F /* MAURLogReader.m */,
				3CD7E56CB5BB4CA386DD2DC7 /* MAURPostLocationTask.m */,
				DA6CF8A2815C4396A4EA758F /* MAURRawLocationProvider.m */,
				ED64202B963042429FC26FDE /* MAURSQLiteConfigurationDAO.m */,
				94E36A52CC5B4A669FD52EB8 /* MAURSQLiteHelper.m */,
				1D1F5508F6F64398BA3D3492 /* MAURSQLiteLocationDAO.m */,
				702941566EC94F8ABA8D9017 /* MAURSQLiteOpenHelper.m */,
				ACEFFEE930254B2081B7C16D /* MAURUncaughtExceptionLogger.m */,
				83906F7ABB6845F28399AED4 /* Reachability.m */,
				B6841512BA524A6C84062046 /* SOLocationManager.m */,
				1B766D5F8B9E424FB1D31F4D /* SOMotionActivity.m */,
				627A55406156461BA812A8BF /* SOMotionDetector.m */,
				1A5BCEF91F604F969F06D112 /* SOStepDetector.m */,
				9C8FE213CB8B4EA089D998B9 /* NSString+ZIMString.m */,
				839633F3981E4B4B8FF7CE0F /* ZIMSqlExpression.m */,
				27EF79AA22DF4B2A98A87ED1 /* ZIMSqlSelectStatement.m */,
				73216E1997F34997AD87132C /* CDVBackgroundGeolocation.h */,
				AF588A352A7A4A5DBAD944DC /* CocoaLumberjack.h */,
				8D4282C5718446F3A206CEE0 /* FMDB.h */,
				D3E0C79714AF49D88C5DA780 /* FMDBLogger.h */,
				F72D39EBA11F404B903390E6 /* INTUHeadingRequest.h */,
				02A8E5CCF2614B6AA5688E9D /* INTULocationManager+Internal.h */,
				C08385F95E304944BD9526BE /* INTULocationManager.h */,
				C93E6DCCA6904A658CD24191 /* INTULocationRequest.h */,
				5BB652EB211445508C0B78BC /* INTULocationRequestDefines.h */,
				FE9F689C1827484EB4E0A35A /* INTURequestIDGenerator.h */,
				72159546F6134BE6A1A51BEB /* MAURAbstractLocationProvider.h */,
				99442410B20841CB8DFD00B1 /* MAURActivity.h */,
				772BA361D7564F8E909F686A /* MAURActivityLocationProvider.h */,
				53D74BC348F3410AA7E876E1 /* MAURBackgroundGeolocationFacade.h */,
				113F42D7819E498594B24336 /* MAURBackgroundSync.h */,
				CF1E91516C42452DB72BA370 /* MAURBackgroundTaskManager.h */,
				9D360918B42A44C184AF619F /* MAURConfig.h */,
				60B46BD6816B4AB294F33081 /* MAURConfigurationContract.h */,
				AC85091D137647C891581353 /* MAURDistanceFilterLocationProvider.h */,
				618E19CF448248728FA41B42 /* MAURGeolocationOpenHelper.h */,
				FF0BF05BF65A4505931AFFD3 /* MAURLocation.h */,
				D7A8A9E5728D418FB7043571 /* MAURLocationContract.h */,
				A48689FFAEDD45F79F0D428C /* MAURLocationManager.h */,
				D8F25373ABAA4C72BC24D48F /* MAURLogReader.h */,
				9D4DAC1279F44E259FF75D81 /* MAURLogging.h */,
				323232CF12A24084BF5E29D9 /* MAURPostLocationTask.h */,
				6EAC0D419EAC4103AED2A4EB /* MAURProviderDelegate.h */,
				C6211147F3C9423CAB651D12 /* MAURRawLocationProvider.h */,
				980C482EB5A843CFAAABADDD /* MAURSQLiteConfigurationDAO.h */,
				5E29B4880E3B4F1189469F92 /* MAURSQLiteHelper.h */,
				6C2D897395ED459F8E0330B2 /* MAURSQLiteLocationDAO.h */,
				94B85429BA0C4CA0AEDBB4FF /* MAURSQLiteOpenHelper.h */,
				72AA339983A946BBB66D5129 /* MAURUncaughtExceptionLogger.h */,
				2EB367665BC94B49A1C6437F /* Reachability.h */,
				BAD7547E690F4EEE9F9EFEFD /* SOLocationManager.h */,
				E1AA15DB43EF4121AD7F2DFA /* SOMotionActivity.h */,
				54D3E4DDC1BD4C458255FDD1 /* SOMotionDetector.h */,
				AB21F7A0D0D14C0E9C0B7139 /* SOStepDetector.h */,
				04F0CB9D43B747B68137BDE9 /* NSString+ZIMString.h */,
				92972AC19BA744F0AABF8C10 /* ZIMSqlDataManipulationCommand.h */,
				EB84BD0DA3AE4268BCB612D9 /* ZIMSqlExpression.h */,
				100914FB69F441158C70CD4A /* ZIMSqlSelectStatement.h */,
				09F2BD86123B4F62890FE36D /* ZIMSqlStatement.h */,
				A387CDF540104099B5C2FE14 /* CDVDevice.m */,
				77E90BDC5A6E4C978EA66F9E /* CDVDevice.h */,
				970799EFEAB640B6A8C78A9C /* CDVLocation.m */,
				9ABDC2D127A74484833A58DD /* CDVLocation.h */,
				5341758BB6404E6787544363 /* CDVStatusBar.m */,
				09801F7AAC7843F197AF4725 /* CDVStatusBar.h */,
			);
			name = Plugins;
			path = "Taxi Mura/Plugins";
			sourceTree = SOURCE_ROOT;
		};
		EB87FDF11871DA420020F90C /* Staging */ = {
			isa = PBXGroup;
			children = (
				F840E1F0165FE0F500CFE078 /* config.xml */,
				301BF56E109A69640062928A /* www */,
			);
			name = Staging;
			sourceTree = "<group>";
		};
/* End PBXGroup section */

/* Begin PBXNativeTarget section */
		1D6058900D05DD3D006BFB54 /* Taxi Mura */ = {
			isa = PBXNativeTarget;
			buildConfigurationList = 1D6058960D05DD3E006BFB54 /* Build configuration list for PBXNativeTarget "Taxi Mura" */;
			buildPhases = (
				304B58A110DAC018002A0835 /* Copy www directory */,
				1D60588D0D05DD3D006BFB54 /* Resources */,
				1D60588E0D05DD3D006BFB54 /* Sources */,
				1D60588F0D05DD3D006BFB54 /* Frameworks */,
			);
			buildRules = (
			);
			dependencies = (
				301BF551109A68C00062928A /* PBXTargetDependency */,
			);
			name = "Taxi Mura";
			productName = "Taxi Mura";
			productReference = 1D6058910D05DD3D006BFB54 /* Taxi Mura.app */;
			productType = "com.apple.product-type.application";
		};
/* End PBXNativeTarget section */

/* Begin PBXProject section */
		29B97313FDCFA39411CA2CEA /* Project object */ = {
			isa = PBXProject;
			attributes = {
				LastUpgradeCheck = 510;
				TargetAttributes = {
					1D6058900D05DD3D006BFB54 = {
						DevelopmentTeam = P856BKUB8Q;
						ProvisioningStyle = Automatic;
					};
				};
			};
			buildConfigurationList = C01FCF4E08A954540054247B /* Build configuration list for PBXProject "Taxi Mura" */;
			compatibilityVersion = "Xcode 3.2";
			developmentRegion = English;
			hasScannedForEncodings = 1;
			knownRegions = (
				English,
				en,
				Base,
			);
			mainGroup = 29B97314FDCFA39411CA2CEA /* CustomTemplate */;
			projectDirPath = "";
			projectReferences = (
				{
					ProductGroup = 301BF52E109A57CC0062928A /* Products */;
					ProjectRef = 301BF52D109A57CC0062928A /* CordovaLib.xcodeproj */;
				},
			);
			projectRoot = "";
			targets = (
				1D6058900D05DD3D006BFB54 /* Taxi Mura */,
			);
		};
/* End PBXProject section */

/* Begin PBXReferenceProxy section */
		301BF535109A57CC0062928A /* libCordova.a */ = {
			isa = PBXReferenceProxy;
			fileType = archive.ar;
			path = libCordova.a;
			remoteRef = 301BF534109A57CC0062928A /* PBXContainerItemProxy */;
			sourceTree = BUILT_PRODUCTS_DIR;
		};
		907D8124214C687600058A10 /* Cordova.framework */ = {
			isa = PBXReferenceProxy;
			fileType = wrapper.framework;
			path = Cordova.framework;
			remoteRef = 907D8123214C687600058A10 /* PBXContainerItemProxy */;
			sourceTree = BUILT_PRODUCTS_DIR;
		};
/* End PBXReferenceProxy section */

/* Begin PBXResourcesBuildPhase section */
		1D60588D0D05DD3D006BFB54 /* Resources */ = {
			isa = PBXResourcesBuildPhase;
			buildActionMask = 2147483647;
			files = (
				302D95F214D2391D003F00A1 /* MainViewController.xib in Resources */,
				0207DA581B56EA530066E2B4 /* Images.xcassets in Resources */,
				6AFF5BF91D6E424B00AB3073 /* CDVLaunchScreen.storyboard in Resources */,
			);
			runOnlyForDeploymentPostprocessing = 0;
		};
/* End PBXResourcesBuildPhase section */

/* Begin PBXShellScriptBuildPhase section */
		304B58A110DAC018002A0835 /* Copy www directory */ = {
			isa = PBXShellScriptBuildPhase;
			buildActionMask = 2147483647;
			files = (
			);
			inputPaths = (
			);
			name = "Copy www directory";
			outputPaths = (
			);
			runOnlyForDeploymentPostprocessing = 0;
			shellPath = /bin/sh;
			shellScript = "\"$SRCROOT/Taxi Mura/Scripts/copy-www-build-step.sh\"";
			showEnvVarsInLog = 0;
		};
/* End PBXShellScriptBuildPhase section */

/* Begin PBXSourcesBuildPhase section */
		1D60588E0D05DD3D006BFB54 /* Sources */ = {
			isa = PBXSourcesBuildPhase;
			buildActionMask = 2147483647;
			files = (
				1D60589B0D05DD56006BFB54 /* main.m in Sources */,
				1D3623260D0F684500981E51 /* AppDelegate.m in Sources */,
				302D95F114D2391D003F00A1 /* MainViewController.m in Sources */,
				F4132009EA634536AA9653E3 /* CDVBackgroundGeolocation.m in Sources */,
				6F49813737FD4FFA8F4E21EE /* CocoaLumberjack.m in Sources */,
				B2820C86C66242ACB9756FE8 /* FMDB.m in Sources */,
				5D4079D82AC64AF580A127A8 /* FMDBLogger.m in Sources */,
				6E981D67332C489AB53B5B76 /* INTUHeadingRequest.m in Sources */,
				21925CAB81C74544AA8AD0CB /* INTULocationManager.m in Sources */,
				B846609955754EC1A6A223B0 /* INTULocationRequest.m in Sources */,
				DD14C6C3ABAF44EC89985A1F /* INTURequestIDGenerator.m in Sources */,
				506FB877D3CE418495EF7E15 /* MAURAbstractLocationProvider.m in Sources */,
				E4962F5741174BE8A3B8822F /* MAURActivity.m in Sources */,
				4D7F5DF5FBD0494896B15419 /* MAURActivityLocationProvider.m in Sources */,
				3E5B8194FBEE460EBFA1946B /* MAURBackgroundGeolocationFacade.m in Sources */,
				7C6855953B364EB59CA5CD0D /* MAURBackgroundSync.m in Sources */,
				215AA318E3CE4D34BD695D5E /* MAURBackgroundTaskManager.m in Sources */,
				8E784F99F3914E6D8C8218F5 /* MAURConfig.m in Sources */,
				2B58551DDE934EE7873F4085 /* MAURConfigurationContract.m in Sources */,
				6E0E2F37C7D84F70A5B212B8 /* MAURDistanceFilterLocationProvider.m in Sources */,
				424A193337564730993E16D9 /* MAURGeolocationOpenHelper.m in Sources */,
				165EB79D5BD748FC97BB58E1 /* MAURLocation.m in Sources */,
				144E414EAFA14A5F8FD8F283 /* MAURLocationContract.m in Sources */,
				AF15B83A67AD40B38B61CC20 /* MAURLocationManager.m in Sources */,
				4193534A37F64D65A7DC3ACE /* MAURLogReader.m in Sources */,
				706ADBA353214DBBBCBAA0AA /* MAURPostLocationTask.m in Sources */,
				44F52441DFFB41458A125EDC /* MAURRawLocationProvider.m in Sources */,
				0E7BFC49B19B4A2D8EE2EC9B /* MAURSQLiteConfigurationDAO.m in Sources */,
				5E4716862EDE4E8DB0CE8545 /* MAURSQLiteHelper.m in Sources */,
				A52B0C69348142D3AB3AE6CE /* MAURSQLiteLocationDAO.m in Sources */,
				D42ABD0D29704FC9B89ED51D /* MAURSQLiteOpenHelper.m in Sources */,
				C0FD0BAA11244DA3A80B55C3 /* MAURUncaughtExceptionLogger.m in Sources */,
				CD2EAC47215E4F398BF96D8B /* Reachability.m in Sources */,
				3510E00F445E490EB6B4C8FE /* SOLocationManager.m in Sources */,
				E188DCD7FF194F9C99970B6E /* SOMotionActivity.m in Sources */,
				9D45E00D4F6F4C5E83735D2F /* SOMotionDetector.m in Sources */,
				7A4FE895D40C4FF9B377B5F7 /* SOStepDetector.m in Sources */,
				DBD0292DB756487C927B7FCC /* NSString+ZIMString.m in Sources */,
				2F24D389D39741129DA420D6 /* ZIMSqlExpression.m in Sources */,
				B9028285F4A042FDADC08FF9 /* ZIMSqlSelectStatement.m in Sources */,
				FB2C77078CAD48538FCE015D /* CDVDevice.m in Sources */,
				6D83E4CA51B94627B8C9B9B0 /* CDVLocation.m in Sources */,
				7B077A20C5664471A8E7ADAE /* CDVStatusBar.m in Sources */,
			);
			runOnlyForDeploymentPostprocessing = 0;
		};
/* End PBXSourcesBuildPhase section */

/* Begin PBXTargetDependency section */
		301BF551109A68C00062928A /* PBXTargetDependency */ = {
			isa = PBXTargetDependency;
			name = CordovaLib;
			targetProxy = 301BF550109A68C00062928A /* PBXContainerItemProxy */;
		};
/* End PBXTargetDependency section */

/* Begin XCBuildConfiguration section */
		1D6058940D05DD3E006BFB54 /* Debug */ = {
			isa = XCBuildConfiguration;
			baseConfigurationReference = 3047A50F1AB8059700498E2A /* build-debug.xcconfig */;
			buildSettings = {
				ALWAYS_SEARCH_USER_PATHS = NO;
				ASSETCATALOG_COMPILER_APPICON_NAME = AppIcon;
				ASSETCATALOG_COMPILER_LAUNCHIMAGE_NAME = LaunchImage;
				CLANG_ENABLE_MODULES = YES;
				CLANG_ENABLE_OBJC_ARC = YES;
				COPY_PHASE_STRIP = NO;
				DEVELOPMENT_TEAM = P856BKUB8Q;
				GCC_DYNAMIC_NO_PIC = NO;
				GCC_OPTIMIZATION_LEVEL = 0;
				GCC_PRECOMPILE_PREFIX_HEADER = YES;
				GCC_PREFIX_HEADER = "Taxi Mura/Taxi Mura-Prefix.pch";
				GCC_THUMB_SUPPORT = NO;
				GCC_VERSION = "";
				INFOPLIST_FILE = "Taxi Mura/Taxi Mura-Info.plist";
				IPHONEOS_DEPLOYMENT_TARGET = 10.0;
				LD_RUNPATH_SEARCH_PATHS = "@executable_path/Frameworks";
				PRODUCT_BUNDLE_IDENTIFIER = taxi.mura.hr;
				PRODUCT_NAME = "$(TARGET_NAME)";
				TARGETED_DEVICE_FAMILY = "1,2";
			};
			name = Debug;
		};
		1D6058950D05DD3E006BFB54 /* Release */ = {
			isa = XCBuildConfiguration;
			baseConfigurationReference = 3047A5101AB8059700498E2A /* build-release.xcconfig */;
			buildSettings = {
				ALWAYS_SEARCH_USER_PATHS = NO;
				ASSETCATALOG_COMPILER_APPICON_NAME = AppIcon;
				ASSETCATALOG_COMPILER_LAUNCHIMAGE_NAME = LaunchImage;
				CLANG_ENABLE_MODULES = YES;
				CLANG_ENABLE_OBJC_ARC = YES;
				COPY_PHASE_STRIP = YES;
				DEVELOPMENT_TEAM = P856BKUB8Q;
				GCC_PRECOMPILE_PREFIX_HEADER = YES;
				GCC_PREFIX_HEADER = "Taxi Mura/Taxi Mura-Prefix.pch";
				GCC_THUMB_SUPPORT = NO;
				GCC_VERSION = "";
				INFOPLIST_FILE = "Taxi Mura/Taxi Mura-Info.plist";
				IPHONEOS_DEPLOYMENT_TARGET = 10.0;
				LD_RUNPATH_SEARCH_PATHS = "@executable_path/Frameworks";
				PRODUCT_BUNDLE_IDENTIFIER = taxi.mura.hr;
				PRODUCT_NAME = "$(TARGET_NAME)";
				TARGETED_DEVICE_FAMILY = "1,2";
			};
			name = Release;
		};
		C01FCF4F08A954540054247B /* Debug */ = {
			isa = XCBuildConfiguration;
			baseConfigurationReference = 3047A5111AB8059700498E2A /* build.xcconfig */;
			buildSettings = {
				CLANG_ENABLE_MODULES = YES;
				CLANG_ENABLE_OBJC_ARC = YES;
				CLANG_WARN_BLOCK_CAPTURE_AUTORELEASING = YES;
				CLANG_WARN_BOOL_CONVERSION = YES;
				CLANG_WARN_COMMA = YES;
				CLANG_WARN_CONSTANT_CONVERSION = YES;
				CLANG_WARN_DEPRECATED_OBJC_IMPLEMENTATIONS = YES;
				CLANG_WARN_EMPTY_BODY = YES;
				CLANG_WARN_ENUM_CONVERSION = YES;
				CLANG_WARN_INFINITE_RECURSION = YES;
				CLANG_WARN_INT_CONVERSION = YES;
				CLANG_WARN_NON_LITERAL_NULL_CONVERSION = YES;
				CLANG_WARN_OBJC_IMPLICIT_RETAIN_SELF = YES;
				CLANG_WARN_OBJC_LITERAL_CONVERSION = YES;
				CLANG_WARN_RANGE_LOOP_ANALYSIS = YES;
				CLANG_WARN_STRICT_PROTOTYPES = YES;
				CLANG_WARN_SUSPICIOUS_MOVE = YES;
				CLANG_WARN_UNREACHABLE_CODE = YES;
				CLANG_WARN__DUPLICATE_METHOD_MATCH = YES;
				ENABLE_STRICT_OBJC_MSGSEND = YES;
				ENABLE_TESTABILITY = YES;
				GCC_C_LANGUAGE_STANDARD = c99;
				GCC_NO_COMMON_BLOCKS = YES;
				GCC_THUMB_SUPPORT = NO;
				GCC_VERSION = "";
				GCC_WARN_64_TO_32_BIT_CONVERSION = YES;
				GCC_WARN_ABOUT_RETURN_TYPE = YES;
				GCC_WARN_UNDECLARED_SELECTOR = YES;
				GCC_WARN_UNINITIALIZED_AUTOS = YES;
				GCC_WARN_UNUSED_FUNCTION = YES;
				GCC_WARN_UNUSED_VARIABLE = YES;
				ONLY_ACTIVE_ARCH = YES;
				PRODUCT_BUNDLE_IDENTIFIER = taxi.mura.hr;
				SDKROOT = iphoneos;
				SKIP_INSTALL = NO;
				WK_WEB_VIEW_ONLY = 0;
			};
			name = Debug;
		};
		C01FCF5008A954540054247B /* Release */ = {
			isa = XCBuildConfiguration;
			baseConfigurationReference = 3047A5111AB8059700498E2A /* build.xcconfig */;
			buildSettings = {
				CLANG_ENABLE_MODULES = YES;
				CLANG_ENABLE_OBJC_ARC = YES;
				CLANG_WARN_BLOCK_CAPTURE_AUTORELEASING = YES;
				CLANG_WARN_BOOL_CONVERSION = YES;
				CLANG_WARN_COMMA = YES;
				CLANG_WARN_CONSTANT_CONVERSION = YES;
				CLANG_WARN_DEPRECATED_OBJC_IMPLEMENTATIONS = YES;
				CLANG_WARN_EMPTY_BODY = YES;
				CLANG_WARN_ENUM_CONVERSION = YES;
				CLANG_WARN_INFINITE_RECURSION = YES;
				CLANG_WARN_INT_CONVERSION = YES;
				CLANG_WARN_NON_LITERAL_NULL_CONVERSION = YES;
				CLANG_WARN_OBJC_IMPLICIT_RETAIN_SELF = YES;
				CLANG_WARN_OBJC_LITERAL_CONVERSION = YES;
				CLANG_WARN_RANGE_LOOP_ANALYSIS = YES;
				CLANG_WARN_STRICT_PROTOTYPES = YES;
				CLANG_WARN_SUSPICIOUS_MOVE = YES;
				CLANG_WARN_UNREACHABLE_CODE = YES;
				CLANG_WARN__DUPLICATE_METHOD_MATCH = YES;
				ENABLE_STRICT_OBJC_MSGSEND = YES;
				GCC_C_LANGUAGE_STANDARD = c99;
				GCC_NO_COMMON_BLOCKS = YES;
				GCC_THUMB_SUPPORT = NO;
				GCC_VERSION = "";
				GCC_WARN_64_TO_32_BIT_CONVERSION = YES;
				GCC_WARN_ABOUT_RETURN_TYPE = YES;
				GCC_WARN_UNDECLARED_SELECTOR = YES;
				GCC_WARN_UNINITIALIZED_AUTOS = YES;
				GCC_WARN_UNUSED_FUNCTION = YES;
				GCC_WARN_UNUSED_VARIABLE = YES;
				PRODUCT_BUNDLE_IDENTIFIER = taxi.mura.hr;
				SDKROOT = iphoneos;
				SKIP_INSTALL = NO;
				WK_WEB_VIEW_ONLY = 0;
			};
			name = Release;
		};
/* End XCBuildConfiguration section */

/* Begin XCConfigurationList section */
		1D6058960D05DD3E006BFB54 /* Build configuration list for PBXNativeTarget "Taxi Mura" */ = {
			isa = XCConfigurationList;
			buildConfigurations = (
				1D6058940D05DD3E006BFB54 /* Debug */,
				1D6058950D05DD3E006BFB54 /* Release */,
			);
			defaultConfigurationIsVisible = 0;
			defaultConfigurationName = Release;
		};
		C01FCF4E08A954540054247B /* Build configuration list for PBXProject "Taxi Mura" */ = {
			isa = XCConfigurationList;
			buildConfigurations = (
				C01FCF4F08A954540054247B /* Debug */,
				C01FCF5008A954540054247B /* Release */,
			);
			defaultConfigurationIsVisible = 0;
			defaultConfigurationName = Release;
		};
/* End XCConfigurationList section */
	};
	rootObject = 29B97313FDCFA39411CA2CEA /* Project object */;
}
